// !$*UTF8*$!
{
	archiveVersion = 1;
	classes = {
	};
	objectVersion = 55;
	objects = {

/* Begin PBXBuildFile section */
		8F0BC1772C988540003CC0AD /* Tokenization_DemoApp.swift in Sources */ = {isa = PBXBuildFile; fileRef = 8F0BC1762C988540003CC0AD /* Tokenization_DemoApp.swift */; };
		8F0BC1792C988540003CC0AD /* SignUpView.swift in Sources */ = {isa = PBXBuildFile; fileRef = 8F0BC1782C988540003CC0AD /* SignUpView.swift */; };
		8F0BC17B2C988541003CC0AD /* Assets.xcassets in Resources */ = {isa = PBXBuildFile; fileRef = 8F0BC17A2C988541003CC0AD /* Assets.xcassets */; };
		8F0BC17E2C988541003CC0AD /* Preview Assets.xcassets in Resources */ = {isa = PBXBuildFile; fileRef = 8F0BC17D2C988541003CC0AD /* Preview Assets.xcassets */; };
		8F0BC1A82C988DB2003CC0AD /* ShadowExtension.swift in Sources */ = {isa = PBXBuildFile; fileRef = 8F0BC1A12C988DB2003CC0AD /* ShadowExtension.swift */; };
		8F0BC1A92C988DB2003CC0AD /* AppMeasures.swift in Sources */ = {isa = PBXBuildFile; fileRef = 8F0BC1A22C988DB2003CC0AD /* AppMeasures.swift */; };
		8F0BC1AA2C988DB2003CC0AD /* GradientExtension.swift in Sources */ = {isa = PBXBuildFile; fileRef = 8F0BC1A32C988DB2003CC0AD /* GradientExtension.swift */; };
		8F0BC1AB2C988DB2003CC0AD /* RadiusExtension.swift in Sources */ = {isa = PBXBuildFile; fileRef = 8F0BC1A42C988DB2003CC0AD /* RadiusExtension.swift */; };
		8F0BC1AC2C988DB2003CC0AD /* FontExtension.swift in Sources */ = {isa = PBXBuildFile; fileRef = 8F0BC1A52C988DB2003CC0AD /* FontExtension.swift */; };
		8F0BC1AD2C988DB2003CC0AD /* ColorExtension.swift in Sources */ = {isa = PBXBuildFile; fileRef = 8F0BC1A62C988DB2003CC0AD /* ColorExtension.swift */; };
		8F0BC1AE2C988DB2003CC0AD /* BorderExtension.swift in Sources */ = {isa = PBXBuildFile; fileRef = 8F0BC1A72C988DB2003CC0AD /* BorderExtension.swift */; };
		8F0BC1C32C988FDB003CC0AD /* Inter-Medium.ttf in Resources */ = {isa = PBXBuildFile; fileRef = 8F0BC1B02C988FDB003CC0AD /* Inter-Medium.ttf */; };
		8F0BC1C42C988FDB003CC0AD /* Inter-Light.ttf in Resources */ = {isa = PBXBuildFile; fileRef = 8F0BC1B12C988FDB003CC0AD /* Inter-Light.ttf */; };
		8F0BC1C52C988FDB003CC0AD /* SF-Arabic.ttf in Resources */ = {isa = PBXBuildFile; fileRef = 8F0BC1B22C988FDB003CC0AD /* SF-Arabic.ttf */; };
		8F0BC1C62C988FDB003CC0AD /* Inter-Thin.ttf in Resources */ = {isa = PBXBuildFile; fileRef = 8F0BC1B32C988FDB003CC0AD /* Inter-Thin.ttf */; };
		8F0BC1C72C988FDB003CC0AD /* Inter-Bold.ttf in Resources */ = {isa = PBXBuildFile; fileRef = 8F0BC1B42C988FDB003CC0AD /* Inter-Bold.ttf */; };
		8F0BC1D02C988FDB003CC0AD /* Inter-Regular.ttf in Resources */ = {isa = PBXBuildFile; fileRef = 8F0BC1BE2C988FDB003CC0AD /* Inter-Regular.ttf */; };
		8F0BC1D12C988FDB003CC0AD /* Inter-ExtraBold.ttf in Resources */ = {isa = PBXBuildFile; fileRef = 8F0BC1BF2C988FDB003CC0AD /* Inter-ExtraBold.ttf */; };
		8F0BC1D22C988FDB003CC0AD /* Inter-ExtraLight.ttf in Resources */ = {isa = PBXBuildFile; fileRef = 8F0BC1C02C988FDB003CC0AD /* Inter-ExtraLight.ttf */; };
		8F0BC1D32C988FDB003CC0AD /* Inter-Black.ttf in Resources */ = {isa = PBXBuildFile; fileRef = 8F0BC1C12C988FDB003CC0AD /* Inter-Black.ttf */; };
		8F0BC1D42C988FDB003CC0AD /* Inter-SemiBold.ttf in Resources */ = {isa = PBXBuildFile; fileRef = 8F0BC1C22C988FDB003CC0AD /* Inter-SemiBold.ttf */; };
		8F0BC1F32C9DEDD2003CC0AD /* ConfirmationView.swift in Sources */ = {isa = PBXBuildFile; fileRef = 8F0BC1F22C9DEDD2003CC0AD /* ConfirmationView.swift */; };
		8F0BC1F52C9DF2B9003CC0AD /* KeyboardResponsiveModifier.swift in Sources */ = {isa = PBXBuildFile; fileRef = 8F0BC1F42C9DF2B9003CC0AD /* KeyboardResponsiveModifier.swift */; };
/* End PBXBuildFile section */

/* Begin PBXFileReference section */
		8F0BC1732C988540003CC0AD /* Tokenization Demo.app */ = {isa = PBXFileReference; explicitFileType = wrapper.application; includeInIndex = 0; path = "Tokenization Demo.app"; sourceTree = BUILT_PRODUCTS_DIR; };
		8F0BC1762C988540003CC0AD /* Tokenization_DemoApp.swift */ = {isa = PBXFileReference; lastKnownFileType = sourcecode.swift; path = Tokenization_DemoApp.swift; sourceTree = "<group>"; };
		8F0BC1782C988540003CC0AD /* SignUpView.swift */ = {isa = PBXFileReference; lastKnownFileType = sourcecode.swift; path = SignUpView.swift; sourceTree = "<group>"; };
		8F0BC17A2C988541003CC0AD /* Assets.xcassets */ = {isa = PBXFileReference; lastKnownFileType = folder.assetcatalog; path = Assets.xcassets; sourceTree = "<group>"; };
		8F0BC17D2C988541003CC0AD /* Preview Assets.xcassets */ = {isa = PBXFileReference; lastKnownFileType = folder.assetcatalog; path = "Preview Assets.xcassets"; sourceTree = "<group>"; };
		8F0BC1A12C988DB2003CC0AD /* ShadowExtension.swift */ = {isa = PBXFileReference; fileEncoding = 4; lastKnownFileType = sourcecode.swift; path = ShadowExtension.swift; sourceTree = "<group>"; };
		8F0BC1A22C988DB2003CC0AD /* AppMeasures.swift */ = {isa = PBXFileReference; fileEncoding = 4; lastKnownFileType = sourcecode.swift; path = AppMeasures.swift; sourceTree = "<group>"; };
		8F0BC1A32C988DB2003CC0AD /* GradientExtension.swift */ = {isa = PBXFileReference; fileEncoding = 4; lastKnownFileType = sourcecode.swift; path = GradientExtension.swift; sourceTree = "<group>"; };
		8F0BC1A42C988DB2003CC0AD /* RadiusExtension.swift */ = {isa = PBXFileReference; fileEncoding = 4; lastKnownFileType = sourcecode.swift; path = RadiusExtension.swift; sourceTree = "<group>"; };
		8F0BC1A52C988DB2003CC0AD /* FontExtension.swift */ = {isa = PBXFileReference; fileEncoding = 4; lastKnownFileType = sourcecode.swift; path = FontExtension.swift; sourceTree = "<group>"; };
		8F0BC1A62C988DB2003CC0AD /* ColorExtension.swift */ = {isa = PBXFileReference; fileEncoding = 4; lastKnownFileType = sourcecode.swift; path = ColorExtension.swift; sourceTree = "<group>"; };
		8F0BC1A72C988DB2003CC0AD /* BorderExtension.swift */ = {isa = PBXFileReference; fileEncoding = 4; lastKnownFileType = sourcecode.swift; path = BorderExtension.swift; sourceTree = "<group>"; };
		8F0BC1B02C988FDB003CC0AD /* Inter-Medium.ttf */ = {isa = PBXFileReference; lastKnownFileType = file; path = "Inter-Medium.ttf"; sourceTree = "<group>"; };
		8F0BC1B12C988FDB003CC0AD /* Inter-Light.ttf */ = {isa = PBXFileReference; lastKnownFileType = file; path = "Inter-Light.ttf"; sourceTree = "<group>"; };
		8F0BC1B22C988FDB003CC0AD /* SF-Arabic.ttf */ = {isa = PBXFileReference; lastKnownFileType = file; path = "SF-Arabic.ttf"; sourceTree = "<group>"; };
		8F0BC1B32C988FDB003CC0AD /* Inter-Thin.ttf */ = {isa = PBXFileReference; lastKnownFileType = file; path = "Inter-Thin.ttf"; sourceTree = "<group>"; };
		8F0BC1B42C988FDB003CC0AD /* Inter-Bold.ttf */ = {isa = PBXFileReference; lastKnownFileType = file; path = "Inter-Bold.ttf"; sourceTree = "<group>"; };
		8F0BC1BE2C988FDB003CC0AD /* Inter-Regular.ttf */ = {isa = PBXFileReference; lastKnownFileType = file; path = "Inter-Regular.ttf"; sourceTree = "<group>"; };
		8F0BC1BF2C988FDB003CC0AD /* Inter-ExtraBold.ttf */ = {isa = PBXFileReference; lastKnownFileType = file; path = "Inter-ExtraBold.ttf"; sourceTree = "<group>"; };
		8F0BC1C02C988FDB003CC0AD /* Inter-ExtraLight.ttf */ = {isa = PBXFileReference; lastKnownFileType = file; path = "Inter-ExtraLight.ttf"; sourceTree = "<group>"; };
		8F0BC1C12C988FDB003CC0AD /* Inter-Black.ttf */ = {isa = PBXFileReference; lastKnownFileType = file; path = "Inter-Black.ttf"; sourceTree = "<group>"; };
		8F0BC1C22C988FDB003CC0AD /* Inter-SemiBold.ttf */ = {isa = PBXFileReference; lastKnownFileType = file; path = "Inter-SemiBold.ttf"; sourceTree = "<group>"; };
		8F0BC1F12C98A24C003CC0AD /* Tokenization-Demo-Info.plist */ = {isa = PBXFileReference; lastKnownFileType = text.plist; path = "Tokenization-Demo-Info.plist"; sourceTree = SOURCE_ROOT; };
		8F0BC1F22C9DEDD2003CC0AD /* ConfirmationView.swift */ = {isa = PBXFileReference; lastKnownFileType = sourcecode.swift; path = ConfirmationView.swift; sourceTree = "<group>"; };
		8F0BC1F42C9DF2B9003CC0AD /* KeyboardResponsiveModifier.swift */ = {isa = PBXFileReference; lastKnownFileType = sourcecode.swift; path = KeyboardResponsiveModifier.swift; sourceTree = "<group>"; };
/* End PBXFileReference section */

/* Begin PBXFrameworksBuildPhase section */
		8F0BC1702C988540003CC0AD /* Frameworks */ = {
			isa = PBXFrameworksBuildPhase;
			buildActionMask = 2147483647;
			files = (
			);
			runOnlyForDeploymentPostprocessing = 0;
		};
/* End PBXFrameworksBuildPhase section */

/* Begin PBXGroup section */
		8F0BC16A2C988540003CC0AD = {
			isa = PBXGroup;
			children = (
				8F0BC1752C988540003CC0AD /* Tokenization Demo */,
				8F0BC1742C988540003CC0AD /* Products */,
			);
			sourceTree = "<group>";
		};
		8F0BC1742C988540003CC0AD /* Products */ = {
			isa = PBXGroup;
			children = (
				8F0BC1732C988540003CC0AD /* Tokenization Demo.app */,
			);
			name = Products;
			sourceTree = "<group>";
		};
		8F0BC1752C988540003CC0AD /* Tokenization Demo */ = {
			isa = PBXGroup;
			children = (
				8F0BC1F12C98A24C003CC0AD /* Tokenization-Demo-Info.plist */,
				8F0BC1F42C9DF2B9003CC0AD /* KeyboardResponsiveModifier.swift */,
				8F0BC1762C988540003CC0AD /* Tokenization_DemoApp.swift */,
				8F0BC1F22C9DEDD2003CC0AD /* ConfirmationView.swift */,
				8F0BC1782C988540003CC0AD /* SignUpView.swift */,
				8F0BC1AF2C988FDB003CC0AD /* Fonts */,
				8F0BC1A02C988DB2003CC0AD /* Styles */,
				8F0BC17A2C988541003CC0AD /* Assets.xcassets */,
				8F0BC17C2C988541003CC0AD /* Preview Content */,
			);
			path = "Tokenization Demo";
			sourceTree = "<group>";
		};
		8F0BC17C2C988541003CC0AD /* Preview Content */ = {
			isa = PBXGroup;
			children = (
				8F0BC17D2C988541003CC0AD /* Preview Assets.xcassets */,
			);
			path = "Preview Content";
			sourceTree = "<group>";
		};
		8F0BC1A02C988DB2003CC0AD /* Styles */ = {
			isa = PBXGroup;
			children = (
				8F0BC1A12C988DB2003CC0AD /* ShadowExtension.swift */,
				8F0BC1A22C988DB2003CC0AD /* AppMeasures.swift */,
				8F0BC1A32C988DB2003CC0AD /* GradientExtension.swift */,
				8F0BC1A42C988DB2003CC0AD /* RadiusExtension.swift */,
				8F0BC1A52C988DB2003CC0AD /* FontExtension.swift */,
				8F0BC1A62C988DB2003CC0AD /* ColorExtension.swift */,
				8F0BC1A72C988DB2003CC0AD /* BorderExtension.swift */,
			);
			path = Styles;
			sourceTree = "<group>";
		};
		8F0BC1AF2C988FDB003CC0AD /* Fonts */ = {
			isa = PBXGroup;
			children = (
				8F0BC1B02C988FDB003CC0AD /* Inter-Medium.ttf */,
				8F0BC1B12C988FDB003CC0AD /* Inter-Light.ttf */,
				8F0BC1B22C988FDB003CC0AD /* SF-Arabic.ttf */,
				8F0BC1B32C988FDB003CC0AD /* Inter-Thin.ttf */,
				8F0BC1B42C988FDB003CC0AD /* Inter-Bold.ttf */,
				8F0BC1BE2C988FDB003CC0AD /* Inter-Regular.ttf */,
				8F0BC1BF2C988FDB003CC0AD /* Inter-ExtraBold.ttf */,
				8F0BC1C02C988FDB003CC0AD /* Inter-ExtraLight.ttf */,
				8F0BC1C12C988FDB003CC0AD /* Inter-Black.ttf */,
				8F0BC1C22C988FDB003CC0AD /* Inter-SemiBold.ttf */,
			);
			path = Fonts;
			sourceTree = "<group>";
		};
/* End PBXGroup section */

/* Begin PBXNativeTarget section */
		8F0BC1722C988540003CC0AD /* Tokenization Demo */ = {
			isa = PBXNativeTarget;
			buildConfigurationList = 8F0BC1972C988541003CC0AD /* Build configuration list for PBXNativeTarget "Tokenization Demo" */;
			buildPhases = (
				8F0BC16F2C988540003CC0AD /* Sources */,
				8F0BC1702C988540003CC0AD /* Frameworks */,
				8F0BC1712C988540003CC0AD /* Resources */,
			);
			buildRules = (
			);
			dependencies = (
			);
			name = "Tokenization Demo";
			productName = "Tokenization Demo";
			productReference = 8F0BC1732C988540003CC0AD /* Tokenization Demo.app */;
			productType = "com.apple.product-type.application";
		};
/* End PBXNativeTarget section */

/* Begin PBXProject section */
		8F0BC16B2C988540003CC0AD /* Project object */ = {
			isa = PBXProject;
			attributes = {
				BuildIndependentTargetsInParallel = 1;
				LastSwiftUpdateCheck = 1300;
				LastUpgradeCheck = 1300;
				TargetAttributes = {
					8F0BC1722C988540003CC0AD = {
						CreatedOnToolsVersion = 13.0;
					};
				};
			};
			buildConfigurationList = 8F0BC16E2C988540003CC0AD /* Build configuration list for PBXProject "Tokenization Demo" */;
			compatibilityVersion = "Xcode 13.0";
			developmentRegion = en;
			hasScannedForEncodings = 0;
			knownRegions = (
				en,
				Base,
			);
			mainGroup = 8F0BC16A2C988540003CC0AD;
			productRefGroup = 8F0BC1742C988540003CC0AD /* Products */;
			projectDirPath = "";
			projectRoot = "";
			targets = (
				8F0BC1722C988540003CC0AD /* Tokenization Demo */,
			);
		};
/* End PBXProject section */

/* Begin PBXResourcesBuildPhase section */
		8F0BC1712C988540003CC0AD /* Resources */ = {
			isa = PBXResourcesBuildPhase;
			buildActionMask = 2147483647;
			files = (
				8F0BC1D12C988FDB003CC0AD /* Inter-ExtraBold.ttf in Resources */,
				8F0BC17E2C988541003CC0AD /* Preview Assets.xcassets in Resources */,
				8F0BC17B2C988541003CC0AD /* Assets.xcassets in Resources */,
				8F0BC1C62C988FDB003CC0AD /* Inter-Thin.ttf in Resources */,
				8F0BC1D22C988FDB003CC0AD /* Inter-ExtraLight.ttf in Resources */,
				8F0BC1D42C988FDB003CC0AD /* Inter-SemiBold.ttf in Resources */,
				8F0BC1D32C988FDB003CC0AD /* Inter-Black.ttf in Resources */,
				8F0BC1C72C988FDB003CC0AD /* Inter-Bold.ttf in Resources */,
				8F0BC1C42C988FDB003CC0AD /* Inter-Light.ttf in Resources */,
				8F0BC1C52C988FDB003CC0AD /* SF-Arabic.ttf in Resources */,
				8F0BC1C32C988FDB003CC0AD /* Inter-Medium.ttf in Resources */,
				8F0BC1D02C988FDB003CC0AD /* Inter-Regular.ttf in Resources */,
			);
			runOnlyForDeploymentPostprocessing = 0;
		};
/* End PBXResourcesBuildPhase section */

/* Begin PBXSourcesBuildPhase section */
		8F0BC16F2C988540003CC0AD /* Sources */ = {
			isa = PBXSourcesBuildPhase;
			buildActionMask = 2147483647;
			files = (
				8F0BC1AE2C988DB2003CC0AD /* BorderExtension.swift in Sources */,
				8F0BC1792C988540003CC0AD /* SignUpView.swift in Sources */,
				8F0BC1AA2C988DB2003CC0AD /* GradientExtension.swift in Sources */,
				8F0BC1AC2C988DB2003CC0AD /* FontExtension.swift in Sources */,
				8F0BC1F52C9DF2B9003CC0AD /* KeyboardResponsiveModifier.swift in Sources */,
				8F0BC1AD2C988DB2003CC0AD /* ColorExtension.swift in Sources */,
				8F0BC1F32C9DEDD2003CC0AD /* ConfirmationView.swift in Sources */,
				8F0BC1A82C988DB2003CC0AD /* ShadowExtension.swift in Sources */,
				8F0BC1A92C988DB2003CC0AD /* AppMeasures.swift in Sources */,
				8F0BC1772C988540003CC0AD /* Tokenization_DemoApp.swift in Sources */,
				8F0BC1AB2C988DB2003CC0AD /* RadiusExtension.swift in Sources */,
			);
			runOnlyForDeploymentPostprocessing = 0;
		};
/* End PBXSourcesBuildPhase section */

/* Begin XCBuildConfiguration section */
		8F0BC1952C988541003CC0AD /* Debug */ = {
			isa = XCBuildConfiguration;
			buildSettings = {
				ALWAYS_SEARCH_USER_PATHS = NO;
				CLANG_ANALYZER_NONNULL = YES;
				CLANG_ANALYZER_NUMBER_OBJECT_CONVERSION = YES_AGGRESSIVE;
				CLANG_CXX_LANGUAGE_STANDARD = "gnu++17";
				CLANG_CXX_LIBRARY = "libc++";
				CLANG_ENABLE_MODULES = YES;
				CLANG_ENABLE_OBJC_ARC = YES;
				CLANG_ENABLE_OBJC_WEAK = YES;
				CLANG_WARN_BLOCK_CAPTURE_AUTORELEASING = YES;
				CLANG_WARN_BOOL_CONVERSION = YES;
				CLANG_WARN_COMMA = YES;
				CLANG_WARN_CONSTANT_CONVERSION = YES;
				CLANG_WARN_DEPRECATED_OBJC_IMPLEMENTATIONS = YES;
				CLANG_WARN_DIRECT_OBJC_ISA_USAGE = YES_ERROR;
				CLANG_WARN_DOCUMENTATION_COMMENTS = YES;
				CLANG_WARN_EMPTY_BODY = YES;
				CLANG_WARN_ENUM_CONVERSION = YES;
				CLANG_WARN_INFINITE_RECURSION = YES;
				CLANG_WARN_INT_CONVERSION = YES;
				CLANG_WARN_NON_LITERAL_NULL_CONVERSION = YES;
				CLANG_WARN_OBJC_IMPLICIT_RETAIN_SELF = YES;
				CLANG_WARN_OBJC_LITERAL_CONVERSION = YES;
				CLANG_WARN_OBJC_ROOT_CLASS = YES_ERROR;
				CLANG_WARN_QUOTED_INCLUDE_IN_FRAMEWORK_HEADER = YES;
				CLANG_WARN_RANGE_LOOP_ANALYSIS = YES;
				CLANG_WARN_STRICT_PROTOTYPES = YES;
				CLANG_WARN_SUSPICIOUS_MOVE = YES;
				CLANG_WARN_UNGUARDED_AVAILABILITY = YES_AGGRESSIVE;
				CLANG_WARN_UNREACHABLE_CODE = YES;
				CLANG_WARN__DUPLICATE_METHOD_MATCH = YES;
				COPY_PHASE_STRIP = NO;
				DEBUG_INFORMATION_FORMAT = dwarf;
				ENABLE_STRICT_OBJC_MSGSEND = YES;
				ENABLE_TESTABILITY = YES;
				GCC_C_LANGUAGE_STANDARD = gnu11;
				GCC_DYNAMIC_NO_PIC = NO;
				GCC_NO_COMMON_BLOCKS = YES;
				GCC_OPTIMIZATION_LEVEL = 0;
				GCC_PREPROCESSOR_DEFINITIONS = (
					"DEBUG=1",
					"$(inherited)",
				);
				GCC_WARN_64_TO_32_BIT_CONVERSION = YES;
				GCC_WARN_ABOUT_RETURN_TYPE = YES_ERROR;
				GCC_WARN_UNDECLARED_SELECTOR = YES;
				GCC_WARN_UNINITIALIZED_AUTOS = YES_AGGRESSIVE;
				GCC_WARN_UNUSED_FUNCTION = YES;
				GCC_WARN_UNUSED_VARIABLE = YES;
				IPHONEOS_DEPLOYMENT_TARGET = 15.0;
				MTL_ENABLE_DEBUG_INFO = INCLUDE_SOURCE;
				MTL_FAST_MATH = YES;
				ONLY_ACTIVE_ARCH = YES;
				SDKROOT = iphoneos;
				SWIFT_ACTIVE_COMPILATION_CONDITIONS = DEBUG;
				SWIFT_OPTIMIZATION_LEVEL = "-Onone";
			};
			name = Debug;
		};
		8F0BC1962C988541003CC0AD /* Release */ = {
			isa = XCBuildConfiguration;
			buildSettings = {
				ALWAYS_SEARCH_USER_PATHS = NO;
				CLANG_ANALYZER_NONNULL = YES;
				CLANG_ANALYZER_NUMBER_OBJECT_CONVERSION = YES_AGGRESSIVE;
				CLANG_CXX_LANGUAGE_STANDARD = "gnu++17";
				CLANG_CXX_LIBRARY = "libc++";
				CLANG_ENABLE_MODULES = YES;
				CLANG_ENABLE_OBJC_ARC = YES;
				CLANG_ENABLE_OBJC_WEAK = YES;
				CLANG_WARN_BLOCK_CAPTURE_AUTORELEASING = YES;
				CLANG_WARN_BOOL_CONVERSION = YES;
				CLANG_WARN_COMMA = YES;
				CLANG_WARN_CONSTANT_CONVERSION = YES;
				CLANG_WARN_DEPRECATED_OBJC_IMPLEMENTATIONS = YES;
				CLANG_WARN_DIRECT_OBJC_ISA_USAGE = YES_ERROR;
				CLANG_WARN_DOCUMENTATION_COMMENTS = YES;
				CLANG_WARN_EMPTY_BODY = YES;
				CLANG_WARN_ENUM_CONVERSION = YES;
				CLANG_WARN_INFINITE_RECURSION = YES;
				CLANG_WARN_INT_CONVERSION = YES;
				CLANG_WARN_NON_LITERAL_NULL_CONVERSION = YES;
				CLANG_WARN_OBJC_IMPLICIT_RETAIN_SELF = YES;
				CLANG_WARN_OBJC_LITERAL_CONVERSION = YES;
				CLANG_WARN_OBJC_ROOT_CLASS = YES_ERROR;
				CLANG_WARN_QUOTED_INCLUDE_IN_FRAMEWORK_HEADER = YES;
				CLANG_WARN_RANGE_LOOP_ANALYSIS = YES;
				CLANG_WARN_STRICT_PROTOTYPES = YES;
				CLANG_WARN_SUSPICIOUS_MOVE = YES;
				CLANG_WARN_UNGUARDED_AVAILABILITY = YES_AGGRESSIVE;
				CLANG_WARN_UNREACHABLE_CODE = YES;
				CLANG_WARN__DUPLICATE_METHOD_MATCH = YES;
				COPY_PHASE_STRIP = NO;
				DEBUG_INFORMATION_FORMAT = "dwarf-with-dsym";
				ENABLE_NS_ASSERTIONS = NO;
				ENABLE_STRICT_OBJC_MSGSEND = YES;
				GCC_C_LANGUAGE_STANDARD = gnu11;
				GCC_NO_COMMON_BLOCKS = YES;
				GCC_WARN_64_TO_32_BIT_CONVERSION = YES;
				GCC_WARN_ABOUT_RETURN_TYPE = YES_ERROR;
				GCC_WARN_UNDECLARED_SELECTOR = YES;
				GCC_WARN_UNINITIALIZED_AUTOS = YES_AGGRESSIVE;
				GCC_WARN_UNUSED_FUNCTION = YES;
				GCC_WARN_UNUSED_VARIABLE = YES;
				IPHONEOS_DEPLOYMENT_TARGET = 15.0;
				MTL_ENABLE_DEBUG_INFO = NO;
				MTL_FAST_MATH = YES;
				SDKROOT = iphoneos;
				SWIFT_COMPILATION_MODE = wholemodule;
				SWIFT_OPTIMIZATION_LEVEL = "-O";
				VALIDATE_PRODUCT = YES;
			};
			name = Release;
		};
		8F0BC1982C988541003CC0AD /* Debug */ = {
			isa = XCBuildConfiguration;
			buildSettings = {
				ASSETCATALOG_COMPILER_APPICON_NAME = AppIcon;
				ASSETCATALOG_COMPILER_GLOBAL_ACCENT_COLOR_NAME = AccentColor;
				CODE_SIGN_STYLE = Automatic;
				CURRENT_PROJECT_VERSION = 1;
				DEVELOPMENT_ASSET_PATHS = "\"Tokenization Demo/Preview Content\"";
				ENABLE_PREVIEWS = YES;
				GENERATE_INFOPLIST_FILE = YES;
				INFOPLIST_FILE = "Tokenization-Demo-Info.plist";
				INFOPLIST_KEY_UIApplicationSceneManifest_Generation = YES;
				INFOPLIST_KEY_UIApplicationSupportsIndirectInputEvents = YES;
				INFOPLIST_KEY_UILaunchScreen_Generation = YES;
				INFOPLIST_KEY_UISupportedInterfaceOrientations_iPad = "UIInterfaceOrientationPortrait UIInterfaceOrientationPortraitUpsideDown UIInterfaceOrientationLandscapeLeft UIInterfaceOrientationLandscapeRight";
				INFOPLIST_KEY_UISupportedInterfaceOrientations_iPhone = "UIInterfaceOrientationPortrait UIInterfaceOrientationLandscapeLeft UIInterfaceOrientationLandscapeRight";
				IPHONEOS_DEPLOYMENT_TARGET = 14.0;
				LD_RUNPATH_SEARCH_PATHS = (
					"$(inherited)",
					"@executable_path/Frameworks",
				);
				MARKETING_VERSION = 1.0;
				PRODUCT_BUNDLE_IDENTIFIER = "com.jay.tokenization.demo.Tokenization-Demo";
				PRODUCT_NAME = "$(TARGET_NAME)";
				SWIFT_EMIT_LOC_STRINGS = YES;
				SWIFT_VERSION = 5.0;
				TARGETED_DEVICE_FAMILY = "1,2";
			};
			name = Debug;
		};
		8F0BC1992C988541003CC0AD /* Release */ = {
			isa = XCBuildConfiguration;
			buildSettings = {
				ASSETCATALOG_COMPILER_APPICON_NAME = AppIcon;
				ASSETCATALOG_COMPILER_GLOBAL_ACCENT_COLOR_NAME = AccentColor;
				CODE_SIGN_STYLE = Automatic;
				CURRENT_PROJECT_VERSION = 1;
				DEVELOPMENT_ASSET_PATHS = "\"Tokenization Demo/Preview Content\"";
				ENABLE_PREVIEWS = YES;
				GENERATE_INFOPLIST_FILE = YES;
				INFOPLIST_FILE = "Tokenization-Demo-Info.plist";
				INFOPLIST_KEY_UIApplicationSceneManifest_Generation = YES;
				INFOPLIST_KEY_UIApplicationSupportsIndirectInputEvents = YES;
				INFOPLIST_KEY_UILaunchScreen_Generation = YES;
				INFOPLIST_KEY_UISupportedInterfaceOrientations_iPad = "UIInterfaceOrientationPortrait UIInterfaceOrientationPortraitUpsideDown UIInterfaceOrientationLandscapeLeft UIInterfaceOrientationLandscapeRight";
				INFOPLIST_KEY_UISupportedInterfaceOrientations_iPhone = "UIInterfaceOrientationPortrait UIInterfaceOrientationLandscapeLeft UIInterfaceOrientationLandscapeRight";
				IPHONEOS_DEPLOYMENT_TARGET = 14.0;
				LD_RUNPATH_SEARCH_PATHS = (
					"$(inherited)",
					"@executable_path/Frameworks",
				);
				MARKETING_VERSION = 1.0;
				PRODUCT_BUNDLE_IDENTIFIER = "com.jay.tokenization.demo.Tokenization-Demo";
				PRODUCT_NAME = "$(TARGET_NAME)";
				SWIFT_EMIT_LOC_STRINGS = YES;
				SWIFT_VERSION = 5.0;
				TARGETED_DEVICE_FAMILY = "1,2";
			};
			name = Release;
		};
/* End XCBuildConfiguration section */

/* Begin XCConfigurationList section */
		8F0BC16E2C988540003CC0AD /* Build configuration list for PBXProject "Tokenization Demo" */ = {
			isa = XCConfigurationList;
			buildConfigurations = (
				8F0BC1952C988541003CC0AD /* Debug */,
				8F0BC1962C988541003CC0AD /* Release */,
			);
			defaultConfigurationIsVisible = 0;
			defaultConfigurationName = Release;
		};
		8F0BC1972C988541003CC0AD /* Build configuration list for PBXNativeTarget "Tokenization Demo" */ = {
			isa = XCConfigurationList;
			buildConfigurations = (
				8F0BC1982C988541003CC0AD /* Debug */,
				8F0BC1992C988541003CC0AD /* Release */,
			);
			defaultConfigurationIsVisible = 0;
			defaultConfigurationName = Release;
		};
/* End XCConfigurationList section */
	};
	rootObject = 8F0BC16B2C988540003CC0AD /* Project object */;
}
